// !$*UTF8*$!
{
	archiveVersion = 1;
	classes = {
	};
	objectVersion = 46;
	objects = {

/* Begin PBXBuildFile section */
		ACCE2B6E1A4F23DE00EBD8E3 /* AppDelegate.swift in Sources */ = {isa = PBXBuildFile; fileRef = ACCE2B6D1A4F23DE00EBD8E3 /* AppDelegate.swift */; };
		ACCE2B701A4F23DE00EBD8E3 /* ViewController.swift in Sources */ = {isa = PBXBuildFile; fileRef = ACCE2B6F1A4F23DE00EBD8E3 /* ViewController.swift */; };
		ACCE2B731A4F23DE00EBD8E3 /* Main.storyboard in Resources */ = {isa = PBXBuildFile; fileRef = ACCE2B711A4F23DE00EBD8E3 /* Main.storyboard */; };
		ACCE2B751A4F23DE00EBD8E3 /* Images.xcassets in Resources */ = {isa = PBXBuildFile; fileRef = ACCE2B741A4F23DE00EBD8E3 /* Images.xcassets */; };
		ACCE2B781A4F23DE00EBD8E3 /* LaunchScreen.xib in Resources */ = {isa = PBXBuildFile; fileRef = ACCE2B761A4F23DE00EBD8E3 /* LaunchScreen.xib */; };
		ACCE2B841A4F23DE00EBD8E3 /* PostcardTests.swift in Sources */ = {isa = PBXBuildFile; fileRef = ACCE2B831A4F23DE00EBD8E3 /* PostcardTests.swift */; };
		ACCE2B8E1A4F2A3B00EBD8E3 /* SagradaFamilia.jpeg in Resources */ = {isa = PBXBuildFile; fileRef = ACCE2B8D1A4F2A3B00EBD8E3 /* SagradaFamilia.jpeg */; };
		ACCE2B901A4F2D1100EBD8E3 /* AlbertEinsteinStamp.jpg in Resources */ = {isa = PBXBuildFile; fileRef = ACCE2B8F1A4F2D1100EBD8E3 /* AlbertEinsteinStamp.jpg */; };
/* End PBXBuildFile section */

/* Begin PBXContainerItemProxy section */
		ACCE2B7E1A4F23DE00EBD8E3 /* PBXContainerItemProxy */ = {
			isa = PBXContainerItemProxy;
			containerPortal = ACCE2B601A4F23DE00EBD8E3 /* Project object */;
			proxyType = 1;
			remoteGlobalIDString = ACCE2B671A4F23DE00EBD8E3;
			remoteInfo = Postcard;
		};
/* End PBXContainerItemProxy section */

/* Begin PBXFileReference section */
		ACCE2B681A4F23DE00EBD8E3 /* Postcard.app */ = {isa = PBXFileReference; explicitFileType = wrapper.application; includeInIndex = 0; path = Postcard.app; sourceTree = BUILT_PRODUCTS_DIR; };
		ACCE2B6C1A4F23DE00EBD8E3 /* Info.plist */ = {isa = PBXFileReference; lastKnownFileType = text.plist.xml; path = Info.plist; sourceTree = "<group>"; };
		ACCE2B6D1A4F23DE00EBD8E3 /* AppDelegate.swift */ = {isa = PBXFileReference; lastKnownFileType = sourcecode.swift; path = AppDelegate.swift; sourceTree = "<group>"; };
		ACCE2B6F1A4F23DE00EBD8E3 /* ViewController.swift */ = {isa = PBXFileReference; lastKnownFileType = sourcecode.swift; path = ViewController.swift; sourceTree = "<group>"; };
		ACCE2B721A4F23DE00EBD8E3 /* Base */ = {isa = PBXFileReference; lastKnownFileType = file.storyboard; name = Base; path = Base.lproj/Main.storyboard; sourceTree = "<group>"; };
		ACCE2B741A4F23DE00EBD8E3 /* Images.xcassets */ = {isa = PBXFileReference; lastKnownFileType = folder.assetcatalog; path = Images.xcassets; sourceTree = "<group>"; };
		ACCE2B771A4F23DE00EBD8E3 /* Base */ = {isa = PBXFileReference; lastKnownFileType = file.xib; name = Base; path = Base.lproj/LaunchScreen.xib; sourceTree = "<group>"; };
		ACCE2B7D1A4F23DE00EBD8E3 /* PostcardTests.xctest */ = {isa = PBXFileReference; explicitFileType = wrapper.cfbundle; includeInIndex = 0; path = PostcardTests.xctest; sourceTree = BUILT_PRODUCTS_DIR; };
		ACCE2B821A4F23DE00EBD8E3 /* Info.plist */ = {isa = PBXFileReference; lastKnownFileType = text.plist.xml; path = Info.plist; sourceTree = "<group>"; };
		ACCE2B831A4F23DE00EBD8E3 /* PostcardTests.swift */ = {isa = PBXFileReference; lastKnownFileType = sourcecode.swift; path = PostcardTests.swift; sourceTree = "<group>"; };
		ACCE2B8D1A4F2A3B00EBD8E3 /* SagradaFamilia.jpeg */ = {isa = PBXFileReference; lastKnownFileType = image.jpeg; path = SagradaFamilia.jpeg; sourceTree = "<group>"; };
		ACCE2B8F1A4F2D1100EBD8E3 /* AlbertEinsteinStamp.jpg */ = {isa = PBXFileReference; lastKnownFileType = image.jpeg; path = AlbertEinsteinStamp.jpg; sourceTree = "<group>"; };
/* End PBXFileReference section */

/* Begin PBXFrameworksBuildPhase section */
		ACCE2B651A4F23DE00EBD8E3 /* Frameworks */ = {
			isa = PBXFrameworksBuildPhase;
			buildActionMask = 2147483647;
			files = (
			);
			runOnlyForDeploymentPostprocessing = 0;
		};
		ACCE2B7A1A4F23DE00EBD8E3 /* Frameworks */ = {
			isa = PBXFrameworksBuildPhase;
			buildActionMask = 2147483647;
			files = (
			);
			runOnlyForDeploymentPostprocessing = 0;
		};
/* End PBXFrameworksBuildPhase section */

/* Begin PBXGroup section */
		ACCE2B5F1A4F23DE00EBD8E3 = {
			isa = PBXGroup;
			children = (
				ACCE2B6A1A4F23DE00EBD8E3 /* Postcard */,
				ACCE2B801A4F23DE00EBD8E3 /* PostcardTests */,
				ACCE2B691A4F23DE00EBD8E3 /* Products */,
			);
			sourceTree = "<group>";
		};
		ACCE2B691A4F23DE00EBD8E3 /* Products */ = {
			isa = PBXGroup;
			children = (
				ACCE2B681A4F23DE00EBD8E3 /* Postcard.app */,
				ACCE2B7D1A4F23DE00EBD8E3 /* PostcardTests.xctest */,
			);
			name = Products;
			sourceTree = "<group>";
		};
		ACCE2B6A1A4F23DE00EBD8E3 /* Postcard */ = {
			isa = PBXGroup;
			children = (
				ACCE2B6D1A4F23DE00EBD8E3 /* AppDelegate.swift */,
				ACCE2B6F1A4F23DE00EBD8E3 /* ViewController.swift */,
				ACCE2B711A4F23DE00EBD8E3 /* Main.storyboard */,
				ACCE2B741A4F23DE00EBD8E3 /* Images.xcassets */,
				ACCE2B761A4F23DE00EBD8E3 /* LaunchScreen.xib */,
				ACCE2B6B1A4F23DE00EBD8E3 /* Supporting Files */,
			);
			path = Postcard;
			sourceTree = "<group>";
		};
		ACCE2B6B1A4F23DE00EBD8E3 /* Supporting Files */ = {
			isa = PBXGroup;
			children = (
				ACCE2B8D1A4F2A3B00EBD8E3 /* SagradaFamilia.jpeg */,
				ACCE2B8F1A4F2D1100EBD8E3 /* AlbertEinsteinStamp.jpg */,
				ACCE2B6C1A4F23DE00EBD8E3 /* Info.plist */,
			);
			name = "Supporting Files";
			sourceTree = "<group>";
		};
		ACCE2B801A4F23DE00EBD8E3 /* PostcardTests */ = {
			isa = PBXGroup;
			children = (
				ACCE2B831A4F23DE00EBD8E3 /* PostcardTests.swift */,
				ACCE2B811A4F23DE00EBD8E3 /* Supporting Files */,
			);
			path = PostcardTests;
			sourceTree = "<group>";
		};
		ACCE2B811A4F23DE00EBD8E3 /* Supporting Files */ = {
			isa = PBXGroup;
			children = (
				ACCE2B821A4F23DE00EBD8E3 /* Info.plist */,
			);
			name = "Supporting Files";
			sourceTree = "<group>";
		};
/* End PBXGroup section */

/* Begin PBXNativeTarget section */
		ACCE2B671A4F23DE00EBD8E3 /* Postcard */ = {
			isa = PBXNativeTarget;
			buildConfigurationList = ACCE2B871A4F23DE00EBD8E3 /* Build configuration list for PBXNativeTarget "Postcard" */;
			buildPhases = (
				ACCE2B641A4F23DE00EBD8E3 /* Sources */,
				ACCE2B651A4F23DE00EBD8E3 /* Frameworks */,
				ACCE2B661A4F23DE00EBD8E3 /* Resources */,
			);
			buildRules = (
			);
			dependencies = (
			);
			name = Postcard;
			productName = Postcard;
			productReference = ACCE2B681A4F23DE00EBD8E3 /* Postcard.app */;
			productType = "com.apple.product-type.application";
		};
		ACCE2B7C1A4F23DE00EBD8E3 /* PostcardTests */ = {
			isa = PBXNativeTarget;
			buildConfigurationList = ACCE2B8A1A4F23DE00EBD8E3 /* Build configuration list for PBXNativeTarget "PostcardTests" */;
			buildPhases = (
				ACCE2B791A4F23DE00EBD8E3 /* Sources */,
				ACCE2B7A1A4F23DE00EBD8E3 /* Frameworks */,
				ACCE2B7B1A4F23DE00EBD8E3 /* Resources */,
			);
			buildRules = (
			);
			dependencies = (
				ACCE2B7F1A4F23DE00EBD8E3 /* PBXTargetDependency */,
			);
			name = PostcardTests;
			productName = PostcardTests;
			productReference = ACCE2B7D1A4F23DE00EBD8E3 /* PostcardTests.xctest */;
			productType = "com.apple.product-type.bundle.unit-test";
		};
/* End PBXNativeTarget section */

/* Begin PBXProject section */
		ACCE2B601A4F23DE00EBD8E3 /* Project object */ = {
			isa = PBXProject;
			attributes = {
				LastUpgradeCheck = 0610;
				ORGANIZATIONNAME = "Joe Traverso";
				TargetAttributes = {
					ACCE2B671A4F23DE00EBD8E3 = {
						CreatedOnToolsVersion = 6.1.1;
					};
					ACCE2B7C1A4F23DE00EBD8E3 = {
						CreatedOnToolsVersion = 6.1.1;
						TestTargetID = ACCE2B671A4F23DE00EBD8E3;
					};
				};
			};
			buildConfigurationList = ACCE2B631A4F23DE00EBD8E3 /* Build configuration list for PBXProject "Postcard" */;
			compatibilityVersion = "Xcode 3.2";
			developmentRegion = English;
			hasScannedForEncodings = 0;
			knownRegions = (
				en,
				Base,
			);
			mainGroup = ACCE2B5F1A4F23DE00EBD8E3;
			productRefGroup = ACCE2B691A4F23DE00EBD8E3 /* Products */;
			projectDirPath = "";
			projectRoot = "";
			targets = (
				ACCE2B671A4F23DE00EBD8E3 /* Postcard */,
				ACCE2B7C1A4F23DE00EBD8E3 /* PostcardTests */,
			);
		};
/* End PBXProject section */

/* Begin PBXResourcesBuildPhase section */
		ACCE2B661A4F23DE00EBD8E3 /* Resources */ = {
			isa = PBXResourcesBuildPhase;
			buildActionMask = 2147483647;
			files = (
				ACCE2B731A4F23DE00EBD8E3 /* Main.storyboard in Resources */,
				ACCE2B8E1A4F2A3B00EBD8E3 /* SagradaFamilia.jpeg in Resources */,
				ACCE2B901A4F2D1100EBD8E3 /* AlbertEinsteinStamp.jpg in Resources */,
				ACCE2B781A4F23DE00EBD8E3 /* LaunchScreen.xib in Resources */,
				ACCE2B751A4F23DE00EBD8E3 /* Images.xcassets in Resources */,
			);
			runOnlyForDeploymentPostprocessing = 0;
		};
		ACCE2B7B1A4F23DE00EBD8E3 /* Resources */ = {
			isa = PBXResourcesBuildPhase;
			buildActionMask = 2147483647;
			files = (
			);
			runOnlyForDeploymentPostprocessing = 0;
		};
/* End PBXResourcesBuildPhase section */

/* Begin PBXSourcesBuildPhase section */
		ACCE2B641A4F23DE00EBD8E3 /* Sources */ = {
			isa = PBXSourcesBuildPhase;
			buildActionMask = 2147483647;
			files = (
				ACCE2B701A4F23DE00EBD8E3 /* ViewController.swift in Sources */,
				ACCE2B6E1A4F23DE00EBD8E3 /* AppDelegate.swift in Sources */,
			);
			runOnlyForDeploymentPostprocessing = 0;
		};
		ACCE2B791A4F23DE00EBD8E3 /* Sources */ = {
			isa = PBXSourcesBuildPhase;
			buildActionMask = 2147483647;
			files = (
				ACCE2B841A4F23DE00EBD8E3 /* PostcardTests.swift in Sources */,
			);
			runOnlyForDeploymentPostprocessing = 0;
		};
/* End PBXSourcesBuildPhase section */

/* Begin PBXTargetDependency section */
		ACCE2B7F1A4F23DE00EBD8E3 /* PBXTargetDependency */ = {
			isa = PBXTargetDependency;
			target = ACCE2B671A4F23DE00EBD8E3 /* Postcard */;
			targetProxy = ACCE2B7E1A4F23DE00EBD8E3 /* PBXContainerItemProxy */;
		};
/* End PBXTargetDependency section */

/* Begin PBXVariantGroup section */
		ACCE2B711A4F23DE00EBD8E3 /* Main.storyboard */ = {
			isa = PBXVariantGroup;
			children = (
				ACCE2B721A4F23DE00EBD8E3 /* Base */,
			);
			name = Main.storyboard;
			sourceTree = "<group>";
		};
		ACCE2B761A4F23DE00EBD8E3 /* LaunchScreen.xib */ = {
			isa = PBXVariantGroup;
			children = (
				ACCE2B771A4F23DE00EBD8E3 /* Base */,
			);
			name = LaunchScreen.xib;
			sourceTree = "<group>";
		};
/* End PBXVariantGroup section */

/* Begin XCBuildConfiguration section */
		ACCE2B851A4F23DE00EBD8E3 /* Debug */ = {
			isa = XCBuildConfiguration;
			buildSettings = {
				ALWAYS_SEARCH_USER_PATHS = NO;
				CLANG_CXX_LANGUAGE_STANDARD = "gnu++0x";
				CLANG_CXX_LIBRARY = "libc++";
				CLANG_ENABLE_MODULES = YES;
				CLANG_ENABLE_OBJC_ARC = YES;
				CLANG_WARN_BOOL_CONVERSION = YES;
				CLANG_WARN_CONSTANT_CONVERSION = YES;
				CLANG_WARN_DIRECT_OBJC_ISA_USAGE = YES_ERROR;
				CLANG_WARN_EMPTY_BODY = YES;
				CLANG_WARN_ENUM_CONVERSION = YES;
				CLANG_WARN_INT_CONVERSION = YES;
				CLANG_WARN_OBJC_ROOT_CLASS = YES_ERROR;
				CLANG_WARN_UNREACHABLE_CODE = YES;
				CLANG_WARN__DUPLICATE_METHOD_MATCH = YES;
				"CODE_SIGN_IDENTITY[sdk=iphoneos*]" = "iPhone Developer";
				COPY_PHASE_STRIP = NO;
				ENABLE_STRICT_OBJC_MSGSEND = YES;
				GCC_C_LANGUAGE_STANDARD = gnu99;
				GCC_DYNAMIC_NO_PIC = NO;
				GCC_OPTIMIZATION_LEVEL = 0;
				GCC_PREPROCESSOR_DEFINITIONS = (
					"DEBUG=1",
					"$(inherited)",
				);
				GCC_SYMBOLS_PRIVATE_EXTERN = NO;
				GCC_WARN_64_TO_32_BIT_CONVERSION = YES;
				GCC_WARN_ABOUT_RETURN_TYPE = YES_ERROR;
				GCC_WARN_UNDECLARED_SELECTOR = YES;
				GCC_WARN_UNINITIALIZED_AUTOS = YES_AGGRESSIVE;
				GCC_WARN_UNUSED_FUNCTION = YES;
				GCC_WARN_UNUSED_VARIABLE = YES;
				IPHONEOS_DEPLOYMENT_TARGET = 8.1;
				MTL_ENABLE_DEBUG_INFO = YES;
				ONLY_ACTIVE_ARCH = YES;
				SDKROOT = iphoneos;
				SWIFT_OPTIMIZATION_LEVEL = "-Onone";
				TARGETED_DEVICE_FAMILY = "1,2";
			};
			name = Debug;
		};
		ACCE2B861A4F23DE00EBD8E3 /* Release */ = {
			isa = XCBuildConfiguration;
			buildSettings = {
				ALWAYS_SEARCH_USER_PATHS = NO;
				CLANG_CXX_LANGUAGE_STANDARD = "gnu++0x";
				CLANG_CXX_LIBRARY = "libc++";
				CLANG_ENABLE_MODULES = YES;
				CLANG_ENABLE_OBJC_ARC = YES;
				CLANG_WARN_BOOL_CONVERSION = YES;
				CLANG_WARN_CONSTANT_CONVERSION = YES;
				CLANG_WARN_DIRECT_OBJC_ISA_USAGE = YES_ERROR;
				CLANG_WARN_EMPTY_BODY = YES;
				CLANG_WARN_ENUM_CONVERSION = YES;
				CLANG_WARN_INT_CONVERSION = YES;
				CLANG_WARN_OBJC_ROOT_CLASS = YES_ERROR;
				CLANG_WARN_UNREACHABLE_CODE = YES;
				CLANG_WARN__DUPLICATE_METHOD_MATCH = YES;
				"CODE_SIGN_IDENTITY[sdk=iphoneos*]" = "iPhone Developer";
				COPY_PHASE_STRIP = YES;
				ENABLE_NS_ASSERTIONS = NO;
				ENABLE_STRICT_OBJC_MSGSEND = YES;
				GCC_C_LANGUAGE_STANDARD = gnu99;
				GCC_WARN_64_TO_32_BIT_CONVERSION = YES;
				GCC_WARN_ABOUT_RETURN_TYPE = YES_ERROR;
				GCC_WARN_UNDECLARED_SELECTOR = YES;
				GCC_WARN_UNINITIALIZED_AUTOS = YES_AGGRESSIVE;
				GCC_WARN_UNUSED_FUNCTION = YES;
				GCC_WARN_UNUSED_VARIABLE = YES;
				IPHONEOS_DEPLOYMENT_TARGET = 8.1;
				MTL_ENABLE_DEBUG_INFO = NO;
				SDKROOT = iphoneos;
				TARGETED_DEVICE_FAMILY = "1,2";
				VALIDATE_PRODUCT = YES;
			};
			name = Release;
		};
		ACCE2B881A4F23DE00EBD8E3 /* Debug */ = {
			isa = XCBuildConfiguration;
			buildSettings = {
				ASSETCATALOG_COMPILER_APPICON_NAME = AppIcon;
				INFOPLIST_FILE = Postcard/Info.plist;
				LD_RUNPATH_SEARCH_PATHS = "$(inherited) @executable_path/Frameworks";
				PRODUCT_NAME = "$(TARGET_NAME)";
			};
			name = Debug;
		};
		ACCE2B891A4F23DE00EBD8E3 /* Release */ = {
			isa = XCBuildConfiguration;
			buildSettings = {
				ASSETCATALOG_COMPILER_APPICON_NAME = AppIcon;
				INFOPLIST_FILE = Postcard/Info.plist;
				LD_RUNPATH_SEARCH_PATHS = "$(inherited) @executable_path/Frameworks";
				PRODUCT_NAME = "$(TARGET_NAME)";
			};
			name = Release;
		};
		ACCE2B8B1A4F23DE00EBD8E3 /* Debug */ = {
			isa = XCBuildConfiguration;
			buildSettings = {
				BUNDLE_LOADER = "$(TEST_HOST)";
				FRAMEWORK_SEARCH_PATHS = (
					"$(SDKROOT)/Developer/Library/Frameworks",
					"$(inherited)",
				);
				GCC_PREPROCESSOR_DEFINITIONS = (
					"DEBUG=1",
					"$(inherited)",
				);
				INFOPLIST_FILE = PostcardTests/Info.plist;
				LD_RUNPATH_SEARCH_PATHS = "$(inherited) @executable_path/Frameworks @loader_path/Frameworks";
				PRODUCT_NAME = "$(TARGET_NAME)";
				TEST_HOST = "$(BUILT_PRODUCTS_DIR)/Postcard.app/Postcard";
			};
			name = Debug;
		};
		ACCE2B8C1A4F23DE00EBD8E3 /* Release */ = {
			isa = XCBuildConfiguration;
			buildSettings = {
				BUNDLE_LOADER = "$(TEST_HOST)";
				FRAMEWORK_SEARCH_PATHS = (
					"$(SDKROOT)/Developer/Library/Frameworks",
					"$(inherited)",
				);
				INFOPLIST_FILE = PostcardTests/Info.plist;
				LD_RUNPATH_SEARCH_PATHS = "$(inherited) @executable_path/Frameworks @loader_path/Frameworks";
				PRODUCT_NAME = "$(TARGET_NAME)";
				TEST_HOST = "$(BUILT_PRODUCTS_DIR)/Postcard.app/Postcard";
			};
			name = Release;
		};
/* End XCBuildConfiguration section */

/* Begin XCConfigurationList section */
		ACCE2B631A4F23DE00EBD8E3 /* Build configuration list for PBXProject "Postcard" */ = {
			isa = XCConfigurationList;
			buildConfigurations = (
				ACCE2B851A4F23DE00EBD8E3 /* Debug */,
				ACCE2B861A4F23DE00EBD8E3 /* Release */,
			);
			defaultConfigurationIsVisible = 0;
			defaultConfigurationName = Release;
		};
		ACCE2B871A4F23DE00EBD8E3 /* Build configuration list for PBXNativeTarget "Postcard" */ = {
			isa = XCConfigurationList;
			buildConfigurations = (
				ACCE2B881A4F23DE00EBD8E3 /* Debug */,
				ACCE2B891A4F23DE00EBD8E3 /* Release */,
			);
			defaultConfigurationIsVisible = 0;
		};
		ACCE2B8A1A4F23DE00EBD8E3 /* Build configuration list for PBXNativeTarget "PostcardTests" */ = {
			isa = XCConfigurationList;
			buildConfigurations = (
				ACCE2B8B1A4F23DE00EBD8E3 /* Debug */,
				ACCE2B8C1A4F23DE00EBD8E3 /* Release */,
			);
			defaultConfigurationIsVisible = 0;
		};
/* End XCConfigurationList section */
	};
	rootObject = ACCE2B601A4F23DE00EBD8E3 /* Project object */;
}
